
Microsoft Visual Studio Solution File, Format Version 12.00
# Visual Studio Version 16
VisualStudioVersion = 16.0.32106.194
MinimumVisualStudioVersion = 10.0.40219.1
Project("{FAE04EC0-301F-11D3-BF4B-00C04F79EFBC}") = "EFDbContext", "EFDbContext\EFDbContext.csproj", "{CFA98FCA-446C-4DA4-8958-8942C0D1245C}"
EndProject
Global
	GlobalSection(SolutionConfigurationPlatforms) = preSolution
		Debug|Any CPU = Debug|Any CPU
		Release|Any CPU = Release|Any CPU
	EndGlobalSection
	GlobalSection(ProjectConfigurationPlatforms) = postSolution
		{CFA98FCA-446C-4DA4-8958-8942C0D1245C}.Debug|Any CPU.ActiveCfg = Debug|Any CPU
		{CFA98FCA-446C-4DA4-8958-8942C0D1245C}.Debug|Any CPU.Build.0 = Debug|Any CPU
		{CFA98FCA-446C-4DA4-8958-8942C0D1245C}.Release|Any CPU.ActiveCfg = Release|Any CPU
		{CFA98FCA-446C-4DA4-8958-8942C0D1245C}.Release|Any CPU.Build.0 = Release|Any CPU
	EndGlobalSection
	GlobalSection(SolutionProperties) = preSolution
		HideSolutionNode = FALSE
	EndGlobalSection
	GlobalSection(ExtensibilityGlobals) = postSolution
		SolutionGuid = {A693E5AB-13F1-4D89-9B56-DB572B555EFB}
	EndGlobalSection
EndGlobal
